// !$*UTF8*$!
{
	archiveVersion = 1;
	classes = {
	};
	objectVersion = 77;
	objects = {

/* Begin PBXBuildFile section */
		0090C062543F060AF9305CF4 /* EBGaramond_OFL.txt in Resources */ = {isa = PBXBuildFile; fileRef = 7F8CAFE112B9831909D3B973 /* EBGaramond_OFL.txt */; };
		135EE5653BE0E06207769D2D /* ListeOeuvresView.swift in Sources */ = {isa = PBXBuildFile; fileRef = 4132078B01E0B24150D9BE86 /* ListeOeuvresView.swift */; };
		1A9D2D7B320E3CA0EB89D5A5 /* PageTexte.swift in Sources */ = {isa = PBXBuildFile; fileRef = 87544CED637F88B8D314E8D9 /* PageTexte.swift */; };
		245379007D06DF873B69BA2F /* EspaceView.swift in Sources */ = {isa = PBXBuildFile; fileRef = 49AFBF493E1A730689B6D2A9 /* EspaceView.swift */; };
		30A6A8DAC52936AE42AD4459 /* ModelesLocaux.swift in Sources */ = {isa = PBXBuildFile; fileRef = 264EB9AEBEF416020094615E /* ModelesLocaux.swift */; };
		34A47B5E750A51FA58A15C27 /* MagasinTextes.swift in Sources */ = {isa = PBXBuildFile; fileRef = 62F49589A622F60291C16262 /* MagasinTextes.swift */; };
		35B63AAC82CC6C28C1673BB4 /* VuesWeb.swift in Sources */ = {isa = PBXBuildFile; fileRef = FCB1E5D89D0F152838CDB455 /* VuesWeb.swift */; };
		44286A4EB20475D92C77A802 /* FrankRuhlLibre_OFL.txt in Resources */ = {isa = PBXBuildFile; fileRef = 66B87DA29899998AE9AB7996 /* FrankRuhlLibre_OFL.txt */; };
		4499E1300EE6C6756B54AC29 /* Catalogue.swift in Sources */ = {isa = PBXBuildFile; fileRef = 0FA683EC1F0A9CB45B15D1E7 /* Catalogue.swift */; };
		4B8D2B965AA15057F49A8829 /* Signalements.swift in Sources */ = {isa = PBXBuildFile; fileRef = CE6FBC8E48E89DA8AC3C65D1 /* Signalements.swift */; };
		59A41FDB00F911E849A6DE40 /* AccueilView.swift in Sources */ = {isa = PBXBuildFile; fileRef = 79CEC0E873A631F6FB5214DD /* AccueilView.swift */; };
		5AA5113987C99D63B3D0C14A /* Assets.xcassets in Resources */ = {isa = PBXBuildFile; fileRef = E19DD4F414D7CC3C532774E0 /* Assets.xcassets */; };
		5D355825F09BFE4645A80E61 /* CacheDisque.swift in Sources */ = {isa = PBXBuildFile; fileRef = 381464F8421E0E96A967FA34 /* CacheDisque.swift */; };
		5D3A727F8F64715B79836073 /* SommaireView.swift in Sources */ = {isa = PBXBuildFile; fileRef = 171F5F73010302FDA332B99F /* SommaireView.swift */; };
		5E3584B7FBD52614FB91A0D5 /* StylePlein.swift in Sources */ = {isa = PBXBuildFile; fileRef = D80EC1029AD113331E1B5197 /* StylePlein.swift */; };
		6B608E5BD9F808700AE1994C /* Theme.swift in Sources */ = {isa = PBXBuildFile; fileRef = F4EF7D465D2EA1DB249F0177 /* Theme.swift */; };
		723BFC2865B3C4837FA404F7 /* FrankRuhlLibre.ttf in Resources */ = {isa = PBXBuildFile; fileRef = 63AD0AC6287A6DDA0E24A3C1 /* FrankRuhlLibre.ttf */; };
		7BF6F2E5A75CB05BAEB57569 /* ParcoursLectureUITests.swift in Sources */ = {isa = PBXBuildFile; fileRef = E5F4323A40811CAF7761D54E /* ParcoursLectureUITests.swift */; };
		85F2564F180854947B4349DC /* FeuilleAnnotation.swift in Sources */ = {isa = PBXBuildFile; fileRef = C2222F61C3B2EE6039441ADF /* FeuilleAnnotation.swift */; };
		9B1F93C23FDC6EFB58F45006 /* LecteurNatifTests.swift in Sources */ = {isa = PBXBuildFile; fileRef = 0C34A87E760DED9889D1BD27 /* LecteurNatifTests.swift */; };
		A7417FE3CF8F04558C3012CF /* ChiourimBAApp.swift in Sources */ = {isa = PBXBuildFile; fileRef = 458B5C67606B7E4B357983F7 /* ChiourimBAApp.swift */; };
		ADFE58ED2B7399B61D0FAF2B /* Config.swift in Sources */ = {isa = PBXBuildFile; fileRef = E3E6442BD5F1BD1F593CB1AE /* Config.swift */; };
		BD910CB253ECF0B036C54B54 /* EBGaramond.ttf in Resources */ = {isa = PBXBuildFile; fileRef = 8902ACC61EE265A57ED219FE /* EBGaramond.ttf */; };
		C47AFC63BC0733B5ED7750FF /* ClientDonnees.swift in Sources */ = {isa = PBXBuildFile; fileRef = 17E49E81BD9D7A27F0078AC2 /* ClientDonnees.swift */; };
		C65C9B5EA85C241D0A5DF170 /* LectureView.swift in Sources */ = {isa = PBXBuildFile; fileRef = 66E89864625DCC8339B5D6AB /* LectureView.swift */; };
		DE2D15C38DE23B4AC7E8BA28 /* ReglagesView.swift in Sources */ = {isa = PBXBuildFile; fileRef = E7164ED8FDD66BED25944A62 /* ReglagesView.swift */; };
		EF1C23404D94D084181BB633 /* PrivacyInfo.xcprivacy in Resources */ = {isa = PBXBuildFile; fileRef = 8B96B965EF01FD0F43DAED71 /* PrivacyInfo.xcprivacy */; };
/* End PBXBuildFile section */

/* Begin PBXContainerItemProxy section */
		743A29DD8BF6938E6B4BBD33 /* PBXContainerItemProxy */ = {
			isa = PBXContainerItemProxy;
			containerPortal = F5B2AC514D41EC8F51E68C9F /* Project object */;
			proxyType = 1;
			remoteGlobalIDString = BDC420E646CF12E586C5D631;
			remoteInfo = ChiourimBA;
		};
		BD7C9636E6C6AF6657EEFDC2 /* PBXContainerItemProxy */ = {
			isa = PBXContainerItemProxy;
			containerPortal = F5B2AC514D41EC8F51E68C9F /* Project object */;
			proxyType = 1;
			remoteGlobalIDString = BDC420E646CF12E586C5D631;
			remoteInfo = ChiourimBA;
		};
/* End PBXContainerItemProxy section */

/* Begin PBXFileReference section */
		0C34A87E760DED9889D1BD27 /* LecteurNatifTests.swift */ = {isa = PBXFileReference; lastKnownFileType = sourcecode.swift; path = LecteurNatifTests.swift; sourceTree = "<group>"; };
		0FA683EC1F0A9CB45B15D1E7 /* Catalogue.swift */ = {isa = PBXFileReference; lastKnownFileType = sourcecode.swift; path = Catalogue.swift; sourceTree = "<group>"; };
		171F5F73010302FDA332B99F /* SommaireView.swift */ = {isa = PBXFileReference; lastKnownFileType = sourcecode.swift; path = SommaireView.swift; sourceTree = "<group>"; };
		17E49E81BD9D7A27F0078AC2 /* ClientDonnees.swift */ = {isa = PBXFileReference; lastKnownFileType = sourcecode.swift; path = ClientDonnees.swift; sourceTree = "<group>"; };
		183AEBA6D2E158787F996F59 /* ChiourimBAUITests.xctest */ = {isa = PBXFileReference; includeInIndex = 0; lastKnownFileType = wrapper.cfbundle; path = ChiourimBAUITests.xctest; sourceTree = BUILT_PRODUCTS_DIR; };
		264EB9AEBEF416020094615E /* ModelesLocaux.swift */ = {isa = PBXFileReference; lastKnownFileType = sourcecode.swift; path = ModelesLocaux.swift; sourceTree = "<group>"; };
		381464F8421E0E96A967FA34 /* CacheDisque.swift */ = {isa = PBXFileReference; lastKnownFileType = sourcecode.swift; path = CacheDisque.swift; sourceTree = "<group>"; };
		4132078B01E0B24150D9BE86 /* ListeOeuvresView.swift */ = {isa = PBXFileReference; lastKnownFileType = sourcecode.swift; path = ListeOeuvresView.swift; sourceTree = "<group>"; };
		458B5C67606B7E4B357983F7 /* ChiourimBAApp.swift */ = {isa = PBXFileReference; lastKnownFileType = sourcecode.swift; path = ChiourimBAApp.swift; sourceTree = "<group>"; };
		49AFBF493E1A730689B6D2A9 /* EspaceView.swift */ = {isa = PBXFileReference; lastKnownFileType = sourcecode.swift; path = EspaceView.swift; sourceTree = "<group>"; };
		62F49589A622F60291C16262 /* MagasinTextes.swift */ = {isa = PBXFileReference; lastKnownFileType = sourcecode.swift; path = MagasinTextes.swift; sourceTree = "<group>"; };
		63AD0AC6287A6DDA0E24A3C1 /* FrankRuhlLibre.ttf */ = {isa = PBXFileReference; lastKnownFileType = file; path = FrankRuhlLibre.ttf; sourceTree = "<group>"; };
		66B87DA29899998AE9AB7996 /* FrankRuhlLibre_OFL.txt */ = {isa = PBXFileReference; lastKnownFileType = text; path = FrankRuhlLibre_OFL.txt; sourceTree = "<group>"; };
		66E89864625DCC8339B5D6AB /* LectureView.swift */ = {isa = PBXFileReference; lastKnownFileType = sourcecode.swift; path = LectureView.swift; sourceTree = "<group>"; };
		722AA70949D96F5E2BFF7F78 /* ChiourimBA.app */ = {isa = PBXFileReference; includeInIndex = 0; lastKnownFileType = wrapper.application; path = ChiourimBA.app; sourceTree = BUILT_PRODUCTS_DIR; };
		79CEC0E873A631F6FB5214DD /* AccueilView.swift */ = {isa = PBXFileReference; lastKnownFileType = sourcecode.swift; path = AccueilView.swift; sourceTree = "<group>"; };
		7F8CAFE112B9831909D3B973 /* EBGaramond_OFL.txt */ = {isa = PBXFileReference; lastKnownFileType = text; path = EBGaramond_OFL.txt; sourceTree = "<group>"; };
		87544CED637F88B8D314E8D9 /* PageTexte.swift */ = {isa = PBXFileReference; lastKnownFileType = sourcecode.swift; path = PageTexte.swift; sourceTree = "<group>"; };
		87C1A5F963605F6D7EB4B533 /* ChiourimBATests.xctest */ = {isa = PBXFileReference; includeInIndex = 0; lastKnownFileType = wrapper.cfbundle; path = ChiourimBATests.xctest; sourceTree = BUILT_PRODUCTS_DIR; };
		8902ACC61EE265A57ED219FE /* EBGaramond.ttf */ = {isa = PBXFileReference; lastKnownFileType = file; path = EBGaramond.ttf; sourceTree = "<group>"; };
		8B96B965EF01FD0F43DAED71 /* PrivacyInfo.xcprivacy */ = {isa = PBXFileReference; path = PrivacyInfo.xcprivacy; sourceTree = "<group>"; };
		C2222F61C3B2EE6039441ADF /* FeuilleAnnotation.swift */ = {isa = PBXFileReference; lastKnownFileType = sourcecode.swift; path = FeuilleAnnotation.swift; sourceTree = "<group>"; };
		CE6FBC8E48E89DA8AC3C65D1 /* Signalements.swift */ = {isa = PBXFileReference; lastKnownFileType = sourcecode.swift; path = Signalements.swift; sourceTree = "<group>"; };
		D80EC1029AD113331E1B5197 /* StylePlein.swift */ = {isa = PBXFileReference; lastKnownFileType = sourcecode.swift; path = StylePlein.swift; sourceTree = "<group>"; };
		E19DD4F414D7CC3C532774E0 /* Assets.xcassets */ = {isa = PBXFileReference; lastKnownFileType = folder.assetcatalog; path = Assets.xcassets; sourceTree = "<group>"; };
		E3E6442BD5F1BD1F593CB1AE /* Config.swift */ = {isa = PBXFileReference; lastKnownFileType = sourcecode.swift; path = Config.swift; sourceTree = "<group>"; };
		E5F4323A40811CAF7761D54E /* ParcoursLectureUITests.swift */ = {isa = PBXFileReference; lastKnownFileType = sourcecode.swift; path = ParcoursLectureUITests.swift; sourceTree = "<group>"; };
		E7164ED8FDD66BED25944A62 /* ReglagesView.swift */ = {isa = PBXFileReference; lastKnownFileType = sourcecode.swift; path = ReglagesView.swift; sourceTree = "<group>"; };
		F4EF7D465D2EA1DB249F0177 /* Theme.swift */ = {isa = PBXFileReference; lastKnownFileType = sourcecode.swift; path = Theme.swift; sourceTree = "<group>"; };
		FCB1E5D89D0F152838CDB455 /* VuesWeb.swift */ = {isa = PBXFileReference; lastKnownFileType = sourcecode.swift; path = VuesWeb.swift; sourceTree = "<group>"; };
/* End PBXFileReference section */

/* Begin PBXGroup section */
		48DC4F95FBDA0C9E492DA7B4 /* Products */ = {
			isa = PBXGroup;
			children = (
				722AA70949D96F5E2BFF7F78 /* ChiourimBA.app */,
				87C1A5F963605F6D7EB4B533 /* ChiourimBATests.xctest */,
				183AEBA6D2E158787F996F59 /* ChiourimBAUITests.xctest */,
			);
			name = Products;
			sourceTree = "<group>";
		};
		55169F2078B8537443473908 /* Polices */ = {
			isa = PBXGroup;
			children = (
				7F8CAFE112B9831909D3B973 /* EBGaramond_OFL.txt */,
				8902ACC61EE265A57ED219FE /* EBGaramond.ttf */,
				66B87DA29899998AE9AB7996 /* FrankRuhlLibre_OFL.txt */,
				63AD0AC6287A6DDA0E24A3C1 /* FrankRuhlLibre.ttf */,
			);
			path = Polices;
			sourceTree = "<group>";
		};
		679DA36B1D93B710AC2FF5E0 /* Lecture */ = {
			isa = PBXGroup;
			children = (
				FCB1E5D89D0F152838CDB455 /* VuesWeb.swift */,
			);
			path = Lecture;
			sourceTree = "<group>";
		};
		6FA44D3C7EFC42F9F6CD1ED1 /* Interface */ = {
			isa = PBXGroup;
			children = (
				79CEC0E873A631F6FB5214DD /* AccueilView.swift */,
				49AFBF493E1A730689B6D2A9 /* EspaceView.swift */,
				C2222F61C3B2EE6039441ADF /* FeuilleAnnotation.swift */,
				66E89864625DCC8339B5D6AB /* LectureView.swift */,
				4132078B01E0B24150D9BE86 /* ListeOeuvresView.swift */,
				E7164ED8FDD66BED25944A62 /* ReglagesView.swift */,
				171F5F73010302FDA332B99F /* SommaireView.swift */,
				D80EC1029AD113331E1B5197 /* StylePlein.swift */,
				F4EF7D465D2EA1DB249F0177 /* Theme.swift */,
			);
			path = Interface;
			sourceTree = "<group>";
		};
		7D90CCF62AC5078E5330287D /* Reseau */ = {
			isa = PBXGroup;
			children = (
				381464F8421E0E96A967FA34 /* CacheDisque.swift */,
				17E49E81BD9D7A27F0078AC2 /* ClientDonnees.swift */,
				62F49589A622F60291C16262 /* MagasinTextes.swift */,
				CE6FBC8E48E89DA8AC3C65D1 /* Signalements.swift */,
			);
			path = Reseau;
			sourceTree = "<group>";
		};
		A575DF74110888C778A27EC5 /* Modele */ = {
			isa = PBXGroup;
			children = (
				0FA683EC1F0A9CB45B15D1E7 /* Catalogue.swift */,
				E3E6442BD5F1BD1F593CB1AE /* Config.swift */,
				264EB9AEBEF416020094615E /* ModelesLocaux.swift */,
				87544CED637F88B8D314E8D9 /* PageTexte.swift */,
			);
			path = Modele;
			sourceTree = "<group>";
		};
		A912F7014534F5B75EF95C2E = {
			isa = PBXGroup;
			children = (
				BAAAFFC2BE8497B11A70B7E3 /* ChiourimBA */,
				F8CD1FA5CE2E923E47A5B8AA /* ChiourimBATests */,
				FC21C61EEBF03B2FDFAEDDDE /* ChiourimBAUITests */,
				48DC4F95FBDA0C9E492DA7B4 /* Products */,
			);
			sourceTree = "<group>";
		};
		BAAAFFC2BE8497B11A70B7E3 /* ChiourimBA */ = {
			isa = PBXGroup;
			children = (
				E19DD4F414D7CC3C532774E0 /* Assets.xcassets */,
				458B5C67606B7E4B357983F7 /* ChiourimBAApp.swift */,
				8B96B965EF01FD0F43DAED71 /* PrivacyInfo.xcprivacy */,
				6FA44D3C7EFC42F9F6CD1ED1 /* Interface */,
				679DA36B1D93B710AC2FF5E0 /* Lecture */,
				A575DF74110888C778A27EC5 /* Modele */,
				55169F2078B8537443473908 /* Polices */,
				7D90CCF62AC5078E5330287D /* Reseau */,
			);
			path = ChiourimBA;
			sourceTree = "<group>";
		};
		F8CD1FA5CE2E923E47A5B8AA /* ChiourimBATests */ = {
			isa = PBXGroup;
			children = (
				0C34A87E760DED9889D1BD27 /* LecteurNatifTests.swift */,
			);
			path = ChiourimBATests;
			sourceTree = "<group>";
		};
		FC21C61EEBF03B2FDFAEDDDE /* ChiourimBAUITests */ = {
			isa = PBXGroup;
			children = (
				E5F4323A40811CAF7761D54E /* ParcoursLectureUITests.swift */,
			);
			path = ChiourimBAUITests;
			sourceTree = "<group>";
		};
/* End PBXGroup section */

/* Begin PBXNativeTarget section */
		BDC420E646CF12E586C5D631 /* ChiourimBA */ = {
			isa = PBXNativeTarget;
			buildConfigurationList = 8CC424098CD0FC28941694C2 /* Build configuration list for PBXNativeTarget "ChiourimBA" */;
			buildPhases = (
				FCACA4097CF05AD2A0F0B9D8 /* Sources */,
				021B3F919083F6813E6677C6 /* Resources */,
			);
			buildRules = (
			);
			dependencies = (
			);
			name = ChiourimBA;
			packageProductDependencies = (
			);
			productName = ChiourimBA;
			productReference = 722AA70949D96F5E2BFF7F78 /* ChiourimBA.app */;
			productType = "com.apple.product-type.application";
		};
		C593FD6D0F5F9C8FDAAC0305 /* ChiourimBATests */ = {
			isa = PBXNativeTarget;
			buildConfigurationList = 7BC5A498972E42A1B0BB20B1 /* Build configuration list for PBXNativeTarget "ChiourimBATests" */;
			buildPhases = (
				7D23D57189C55C9DC63AB035 /* Sources */,
			);
			buildRules = (
			);
			dependencies = (
				3D52D48600DCD18A7A41EA10 /* PBXTargetDependency */,
			);
			name = ChiourimBATests;
			packageProductDependencies = (
			);
			productName = ChiourimBATests;
			productReference = 87C1A5F963605F6D7EB4B533 /* ChiourimBATests.xctest */;
			productType = "com.apple.product-type.bundle.unit-test";
		};
		D67BACAF3CB2DB69E4D1EEB4 /* ChiourimBAUITests */ = {
			isa = PBXNativeTarget;
			buildConfigurationList = 9CD901EA7DBEA8D2AFCCCFA3 /* Build configuration list for PBXNativeTarget "ChiourimBAUITests" */;
			buildPhases = (
				9B850F2CC8471AFE7EB6BB97 /* Sources */,
			);
			buildRules = (
			);
			dependencies = (
				8DD53EA3F5963207C81926BF /* PBXTargetDependency */,
			);
			name = ChiourimBAUITests;
			packageProductDependencies = (
			);
			productName = ChiourimBAUITests;
			productReference = 183AEBA6D2E158787F996F59 /* ChiourimBAUITests.xctest */;
			productType = "com.apple.product-type.bundle.ui-testing";
		};
/* End PBXNativeTarget section */

/* Begin PBXProject section */
		F5B2AC514D41EC8F51E68C9F /* Project object */ = {
			isa = PBXProject;
			attributes = {
				BuildIndependentTargetsInParallel = YES;
				LastUpgradeCheck = 1430;
				TargetAttributes = {
					BDC420E646CF12E586C5D631 = {
						DevelopmentTeam = "";
						ProvisioningStyle = Automatic;
					};
					C593FD6D0F5F9C8FDAAC0305 = {
						DevelopmentTeam = "";
						ProvisioningStyle = Automatic;
					};
					D67BACAF3CB2DB69E4D1EEB4 = {
						DevelopmentTeam = "";
						ProvisioningStyle = Automatic;
						TestTargetID = BDC420E646CF12E586C5D631;
					};
				};
			};
			buildConfigurationList = 14910CA1A5BA33E097E85150 /* Build configuration list for PBXProject "ChiourimBA" */;
			developmentRegion = fr;
			hasScannedForEncodings = 0;
			knownRegions = (
				Base,
				fr,
			);
			mainGroup = A912F7014534F5B75EF95C2E;
			minimizedProjectReferenceProxies = 1;
			preferredProjectObjectVersion = 77;
			productRefGroup = 48DC4F95FBDA0C9E492DA7B4 /* Products */;
			projectDirPath = "";
			projectRoot = "";
			targets = (
				BDC420E646CF12E586C5D631 /* ChiourimBA */,
				C593FD6D0F5F9C8FDAAC0305 /* ChiourimBATests */,
				D67BACAF3CB2DB69E4D1EEB4 /* ChiourimBAUITests */,
			);
		};
/* End PBXProject section */

/* Begin PBXResourcesBuildPhase section */
		021B3F919083F6813E6677C6 /* Resources */ = {
			isa = PBXResourcesBuildPhase;
			buildActionMask = 2147483647;
			files = (
				5AA5113987C99D63B3D0C14A /* Assets.xcassets in Resources */,
				BD910CB253ECF0B036C54B54 /* EBGaramond.ttf in Resources */,
				0090C062543F060AF9305CF4 /* EBGaramond_OFL.txt in Resources */,
				723BFC2865B3C4837FA404F7 /* FrankRuhlLibre.ttf in Resources */,
				44286A4EB20475D92C77A802 /* FrankRuhlLibre_OFL.txt in Resources */,
				EF1C23404D94D084181BB633 /* PrivacyInfo.xcprivacy in Resources */,
			);
			runOnlyForDeploymentPostprocessing = 0;
		};
/* End PBXResourcesBuildPhase section */

/* Begin PBXSourcesBuildPhase section */
		7D23D57189C55C9DC63AB035 /* Sources */ = {
			isa = PBXSourcesBuildPhase;
			buildActionMask = 2147483647;
			files = (
				9B1F93C23FDC6EFB58F45006 /* LecteurNatifTests.swift in Sources */,
			);
			runOnlyForDeploymentPostprocessing = 0;
		};
		9B850F2CC8471AFE7EB6BB97 /* Sources */ = {
			isa = PBXSourcesBuildPhase;
			buildActionMask = 2147483647;
			files = (
				7BF6F2E5A75CB05BAEB57569 /* ParcoursLectureUITests.swift in Sources */,
			);
			runOnlyForDeploymentPostprocessing = 0;
		};
		FCACA4097CF05AD2A0F0B9D8 /* Sources */ = {
			isa = PBXSourcesBuildPhase;
			buildActionMask = 2147483647;
			files = (
				59A41FDB00F911E849A6DE40 /* AccueilView.swift in Sources */,
				5D355825F09BFE4645A80E61 /* CacheDisque.swift in Sources */,
				4499E1300EE6C6756B54AC29 /* Catalogue.swift in Sources */,
				A7417FE3CF8F04558C3012CF /* ChiourimBAApp.swift in Sources */,
				C47AFC63BC0733B5ED7750FF /* ClientDonnees.swift in Sources */,
				ADFE58ED2B7399B61D0FAF2B /* Config.swift in Sources */,
				245379007D06DF873B69BA2F /* EspaceView.swift in Sources */,
				85F2564F180854947B4349DC /* FeuilleAnnotation.swift in Sources */,
				C65C9B5EA85C241D0A5DF170 /* LectureView.swift in Sources */,
				135EE5653BE0E06207769D2D /* ListeOeuvresView.swift in Sources */,
				34A47B5E750A51FA58A15C27 /* MagasinTextes.swift in Sources */,
				30A6A8DAC52936AE42AD4459 /* ModelesLocaux.swift in Sources */,
				1A9D2D7B320E3CA0EB89D5A5 /* PageTexte.swift in Sources */,
				DE2D15C38DE23B4AC7E8BA28 /* ReglagesView.swift in Sources */,
				4B8D2B965AA15057F49A8829 /* Signalements.swift in Sources */,
				5D3A727F8F64715B79836073 /* SommaireView.swift in Sources */,
				5E3584B7FBD52614FB91A0D5 /* StylePlein.swift in Sources */,
				6B608E5BD9F808700AE1994C /* Theme.swift in Sources */,
				35B63AAC82CC6C28C1673BB4 /* VuesWeb.swift in Sources */,
			);
			runOnlyForDeploymentPostprocessing = 0;
		};
/* End PBXSourcesBuildPhase section */

/* Begin PBXTargetDependency section */
		3D52D48600DCD18A7A41EA10 /* PBXTargetDependency */ = {
			isa = PBXTargetDependency;
			target = BDC420E646CF12E586C5D631 /* ChiourimBA */;
			targetProxy = 743A29DD8BF6938E6B4BBD33 /* PBXContainerItemProxy */;
		};
		8DD53EA3F5963207C81926BF /* PBXTargetDependency */ = {
			isa = PBXTargetDependency;
			target = BDC420E646CF12E586C5D631 /* ChiourimBA */;
			targetProxy = BD7C9636E6C6AF6657EEFDC2 /* PBXContainerItemProxy */;
		};
/* End PBXTargetDependency section */

/* Begin XCBuildConfiguration section */
		114D0348D5E69473F463A79F /* Release */ = {
			isa = XCBuildConfiguration;
			buildSettings = {
				BUNDLE_LOADER = "$(TEST_HOST)";
				CODE_SIGN_STYLE = Automatic;
				DEVELOPMENT_TEAM = "";
				GENERATE_INFOPLIST_FILE = YES;
				IPHONEOS_DEPLOYMENT_TARGET = 17.0;
				LD_RUNPATH_SEARCH_PATHS = (
					"$(inherited)",
					"@executable_path/Frameworks",
					"@loader_path/Frameworks",
				);
				PRODUCT_BUNDLE_IDENTIFIER = com.chiourimsba.app.uitests;
				SDKROOT = iphoneos;
				TARGETED_DEVICE_FAMILY = "1,2";
				TEST_TARGET_NAME = ChiourimBA;
			};
			name = Release;
		};
		1B37AD88FDFD41C558620F9C /* Debug */ = {
			isa = XCBuildConfiguration;
			buildSettings = {
				BUNDLE_LOADER = "$(TEST_HOST)";
				CODE_SIGN_STYLE = Automatic;
				DEVELOPMENT_TEAM = "";
				GENERATE_INFOPLIST_FILE = YES;
				IPHONEOS_DEPLOYMENT_TARGET = 17.0;
				LD_RUNPATH_SEARCH_PATHS = (
					"$(inherited)",
					"@executable_path/Frameworks",
					"@loader_path/Frameworks",
				);
				OTHER_LDFLAGS = "-framework AppIntents";
				PRODUCT_BUNDLE_IDENTIFIER = com.chiourimsba.app.tests;
				SDKROOT = iphoneos;
				TARGETED_DEVICE_FAMILY = "1,2";
				TEST_HOST = "$(BUILT_PRODUCTS_DIR)/ChiourimBA.app/$(BUNDLE_EXECUTABLE_FOLDER_PATH)/ChiourimBA";
			};
			name = Debug;
		};
		28FF0503FFF485F06DA1EDD5 /* Debug */ = {
			isa = XCBuildConfiguration;
			buildSettings = {
				ALWAYS_SEARCH_USER_PATHS = NO;
				CLANG_ANALYZER_NONNULL = YES;
				CLANG_ANALYZER_NUMBER_OBJECT_CONVERSION = YES_AGGRESSIVE;
				CLANG_CXX_LANGUAGE_STANDARD = "gnu++14";
				CLANG_CXX_LIBRARY = "libc++";
				CLANG_ENABLE_MODULES = YES;
				CLANG_ENABLE_OBJC_ARC = YES;
				CLANG_ENABLE_OBJC_WEAK = YES;
				CLANG_WARN_BLOCK_CAPTURE_AUTORELEASING = YES;
				CLANG_WARN_BOOL_CONVERSION = YES;
				CLANG_WARN_COMMA = YES;
				CLANG_WARN_CONSTANT_CONVERSION = YES;
				CLANG_WARN_DEPRECATED_OBJC_IMPLEMENTATIONS = YES;
				CLANG_WARN_DIRECT_OBJC_ISA_USAGE = YES_ERROR;
				CLANG_WARN_DOCUMENTATION_COMMENTS = YES;
				CLANG_WARN_EMPTY_BODY = YES;
				CLANG_WARN_ENUM_CONVERSION = YES;
				CLANG_WARN_INFINITE_RECURSION = YES;
				CLANG_WARN_INT_CONVERSION = YES;
				CLANG_WARN_NON_LITERAL_NULL_CONVERSION = YES;
				CLANG_WARN_OBJC_IMPLICIT_RETAIN_SELF = YES;
				CLANG_WARN_OBJC_LITERAL_CONVERSION = YES;
				CLANG_WARN_OBJC_ROOT_CLASS = YES_ERROR;
				CLANG_WARN_QUOTED_INCLUDE_IN_FRAMEWORK_HEADER = YES;
				CLANG_WARN_RANGE_LOOP_ANALYSIS = YES;
				CLANG_WARN_STRICT_PROTOTYPES = YES;
				CLANG_WARN_SUSPICIOUS_MOVE = YES;
				CLANG_WARN_UNGUARDED_AVAILABILITY = YES_AGGRESSIVE;
				CLANG_WARN_UNREACHABLE_CODE = YES;
				CLANG_WARN__DUPLICATE_METHOD_MATCH = YES;
				CODE_SIGN_STYLE = Automatic;
				COPY_PHASE_STRIP = NO;
				CURRENT_PROJECT_VERSION = 1;
				DEBUG_INFORMATION_FORMAT = dwarf;
				DEVELOPMENT_TEAM = "";
				ENABLE_STRICT_OBJC_MSGSEND = YES;
				ENABLE_TESTABILITY = YES;
				ENABLE_USER_SCRIPT_SANDBOXING = YES;
				GCC_C_LANGUAGE_STANDARD = gnu11;
				GCC_DYNAMIC_NO_PIC = NO;
				GCC_NO_COMMON_BLOCKS = YES;
				GCC_OPTIMIZATION_LEVEL = 0;
				GCC_PREPROCESSOR_DEFINITIONS = (
					"$(inherited)",
					"DEBUG=1",
				);
				GCC_WARN_64_TO_32_BIT_CONVERSION = YES;
				GCC_WARN_ABOUT_RETURN_TYPE = YES_ERROR;
				GCC_WARN_UNDECLARED_SELECTOR = YES;
				GCC_WARN_UNINITIALIZED_AUTOS = YES_AGGRESSIVE;
				GCC_WARN_UNUSED_FUNCTION = YES;
				GCC_WARN_UNUSED_VARIABLE = YES;
				IPHONEOS_DEPLOYMENT_TARGET = 17.0;
				MARKETING_VERSION = 1.0.0;
				MTL_ENABLE_DEBUG_INFO = INCLUDE_SOURCE;
				MTL_FAST_MATH = YES;
				ONLY_ACTIVE_ARCH = YES;
				PRODUCT_NAME = "$(TARGET_NAME)";
				SDKROOT = iphoneos;
				SWIFT_ACTIVE_COMPILATION_CONDITIONS = DEBUG;
				SWIFT_OPTIMIZATION_LEVEL = "-Onone";
				SWIFT_STRICT_CONCURRENCY = complete;
				SWIFT_VERSION = 6.0;
				TARGETED_DEVICE_FAMILY = "1,2";
			};
			name = Debug;
		};
		34E2081F49B8785C7D70E4E3 /* Debug */ = {
			isa = XCBuildConfiguration;
			buildSettings = {
				ASSETCATALOG_COMPILER_APPICON_NAME = AppIcon;
				ASSETCATALOG_COMPILER_GLOBAL_ACCENT_COLOR_NAME = AccentColor;
				CODE_SIGN_IDENTITY = "iPhone Developer";
				CODE_SIGN_STYLE = Automatic;
				DEVELOPMENT_TEAM = "";
				ENABLE_PREVIEWS = NO;
				GENERATE_INFOPLIST_FILE = NO;
				INFOPLIST_FILE = ChiourimBA/Info.plist;
				IPHONEOS_DEPLOYMENT_TARGET = 17.0;
				LD_RUNPATH_SEARCH_PATHS = (
					"$(inherited)",
					"@executable_path/Frameworks",
				);
				OTHER_LDFLAGS = "-framework AppIntents";
				PRODUCT_BUNDLE_IDENTIFIER = com.chiourimsba.app;
				PRODUCT_NAME = ChiourimBA;
				SDKROOT = iphoneos;
				TARGETED_DEVICE_FAMILY = "1,2";
			};
			name = Debug;
		};
		36B4B9B2751F586B7F95922E /* Release */ = {
			isa = XCBuildConfiguration;
			buildSettings = {
				ALWAYS_SEARCH_USER_PATHS = NO;
				CLANG_ANALYZER_NONNULL = YES;
				CLANG_ANALYZER_NUMBER_OBJECT_CONVERSION = YES_AGGRESSIVE;
				CLANG_CXX_LANGUAGE_STANDARD = "gnu++14";
				CLANG_CXX_LIBRARY = "libc++";
				CLANG_ENABLE_MODULES = YES;
				CLANG_ENABLE_OBJC_ARC = YES;
				CLANG_ENABLE_OBJC_WEAK = YES;
				CLANG_WARN_BLOCK_CAPTURE_AUTORELEASING = YES;
				CLANG_WARN_BOOL_CONVERSION = YES;
				CLANG_WARN_COMMA = YES;
				CLANG_WARN_CONSTANT_CONVERSION = YES;
				CLANG_WARN_DEPRECATED_OBJC_IMPLEMENTATIONS = YES;
				CLANG_WARN_DIRECT_OBJC_ISA_USAGE = YES_ERROR;
				CLANG_WARN_DOCUMENTATION_COMMENTS = YES;
				CLANG_WARN_EMPTY_BODY = YES;
				CLANG_WARN_ENUM_CONVERSION = YES;
				CLANG_WARN_INFINITE_RECURSION = YES;
				CLANG_WARN_INT_CONVERSION = YES;
				CLANG_WARN_NON_LITERAL_NULL_CONVERSION = YES;
				CLANG_WARN_OBJC_IMPLICIT_RETAIN_SELF = YES;
				CLANG_WARN_OBJC_LITERAL_CONVERSION = YES;
				CLANG_WARN_OBJC_ROOT_CLASS = YES_ERROR;
				CLANG_WARN_QUOTED_INCLUDE_IN_FRAMEWORK_HEADER = YES;
				CLANG_WARN_RANGE_LOOP_ANALYSIS = YES;
				CLANG_WARN_STRICT_PROTOTYPES = YES;
				CLANG_WARN_SUSPICIOUS_MOVE = YES;
				CLANG_WARN_UNGUARDED_AVAILABILITY = YES_AGGRESSIVE;
				CLANG_WARN_UNREACHABLE_CODE = YES;
				CLANG_WARN__DUPLICATE_METHOD_MATCH = YES;
				CODE_SIGN_STYLE = Automatic;
				COPY_PHASE_STRIP = NO;
				CURRENT_PROJECT_VERSION = 1;
				DEBUG_INFORMATION_FORMAT = "dwarf-with-dsym";
				DEVELOPMENT_TEAM = "";
				ENABLE_NS_ASSERTIONS = NO;
				ENABLE_STRICT_OBJC_MSGSEND = YES;
				ENABLE_USER_SCRIPT_SANDBOXING = YES;
				GCC_C_LANGUAGE_STANDARD = gnu11;
				GCC_NO_COMMON_BLOCKS = YES;
				GCC_WARN_64_TO_32_BIT_CONVERSION = YES;
				GCC_WARN_ABOUT_RETURN_TYPE = YES_ERROR;
				GCC_WARN_UNDECLARED_SELECTOR = YES;
				GCC_WARN_UNINITIALIZED_AUTOS = YES_AGGRESSIVE;
				GCC_WARN_UNUSED_FUNCTION = YES;
				GCC_WARN_UNUSED_VARIABLE = YES;
				IPHONEOS_DEPLOYMENT_TARGET = 17.0;
				MARKETING_VERSION = 1.0.0;
				MTL_ENABLE_DEBUG_INFO = NO;
				MTL_FAST_MATH = YES;
				PRODUCT_NAME = "$(TARGET_NAME)";
				SDKROOT = iphoneos;
				SWIFT_COMPILATION_MODE = wholemodule;
				SWIFT_OPTIMIZATION_LEVEL = "-O";
				SWIFT_STRICT_CONCURRENCY = complete;
				SWIFT_VERSION = 6.0;
				TARGETED_DEVICE_FAMILY = "1,2";
			};
			name = Release;
		};
		56F86F769292D94EAE3A08A2 /* Release */ = {
			isa = XCBuildConfiguration;
			buildSettings = {
				BUNDLE_LOADER = "$(TEST_HOST)";
				CODE_SIGN_STYLE = Automatic;
				DEVELOPMENT_TEAM = "";
				GENERATE_INFOPLIST_FILE = YES;
				IPHONEOS_DEPLOYMENT_TARGET = 17.0;
				LD_RUNPATH_SEARCH_PATHS = (
					"$(inherited)",
					"@executable_path/Frameworks",
					"@loader_path/Frameworks",
				);
				OTHER_LDFLAGS = "-framework AppIntents";
				PRODUCT_BUNDLE_IDENTIFIER = com.chiourimsba.app.tests;
				SDKROOT = iphoneos;
				TARGETED_DEVICE_FAMILY = "1,2";
				TEST_HOST = "$(BUILT_PRODUCTS_DIR)/ChiourimBA.app/$(BUNDLE_EXECUTABLE_FOLDER_PATH)/ChiourimBA";
			};
			name = Release;
		};
		6C854C67BAAB07BDD7112FA6 /* Release */ = {
			isa = XCBuildConfiguration;
			buildSettings = {
				ASSETCATALOG_COMPILER_APPICON_NAME = AppIcon;
				ASSETCATALOG_COMPILER_GLOBAL_ACCENT_COLOR_NAME = AccentColor;
				CODE_SIGN_IDENTITY = "iPhone Developer";
				CODE_SIGN_STYLE = Automatic;
				DEVELOPMENT_TEAM = "";
				ENABLE_PREVIEWS = NO;
				GENERATE_INFOPLIST_FILE = NO;
				INFOPLIST_FILE = ChiourimBA/Info.plist;
				IPHONEOS_DEPLOYMENT_TARGET = 17.0;
				LD_RUNPATH_SEARCH_PATHS = (
					"$(inherited)",
					"@executable_path/Frameworks",
				);
				OTHER_LDFLAGS = "-framework AppIntents";
				PRODUCT_BUNDLE_IDENTIFIER = com.chiourimsba.app;
				PRODUCT_NAME = ChiourimBA;
				SDKROOT = iphoneos;
				TARGETED_DEVICE_FAMILY = "1,2";
			};
			name = Release;
		};
		7BB2721F3FC8ADCB362296BB /* Debug */ = {
			isa = XCBuildConfiguration;
			buildSettings = {
				BUNDLE_LOADER = "$(TEST_HOST)";
				CODE_SIGN_STYLE = Automatic;
				DEVELOPMENT_TEAM = "";
				GENERATE_INFOPLIST_FILE = YES;
				IPHONEOS_DEPLOYMENT_TARGET = 17.0;
				LD_RUNPATH_SEARCH_PATHS = (
					"$(inherited)",
					"@executable_path/Frameworks",
					"@loader_path/Frameworks",
				);
				PRODUCT_BUNDLE_IDENTIFIER = com.chiourimsba.app.uitests;
				SDKROOT = iphoneos;
				TARGETED_DEVICE_FAMILY = "1,2";
				TEST_TARGET_NAME = ChiourimBA;
			};
			name = Debug;
		};
/* End XCBuildConfiguration section */

/* Begin XCConfigurationList section */
		14910CA1A5BA33E097E85150 /* Build configuration list for PBXProject "ChiourimBA" */ = {
			isa = XCConfigurationList;
			buildConfigurations = (
				28FF0503FFF485F06DA1EDD5 /* Debug */,
				36B4B9B2751F586B7F95922E /* Release */,
			);
			defaultConfigurationIsVisible = 0;
			defaultConfigurationName = Debug;
		};
		7BC5A498972E42A1B0BB20B1 /* Build configuration list for PBXNativeTarget "ChiourimBATests" */ = {
			isa = XCConfigurationList;
			buildConfigurations = (
				1B37AD88FDFD41C558620F9C /* Debug */,
				56F86F769292D94EAE3A08A2 /* Release */,
			);
			defaultConfigurationIsVisible = 0;
			defaultConfigurationName = Debug;
		};
		8CC424098CD0FC28941694C2 /* Build configuration list for PBXNativeTarget "ChiourimBA" */ = {
			isa = XCConfigurationList;
			buildConfigurations = (
				34E2081F49B8785C7D70E4E3 /* Debug */,
				6C854C67BAAB07BDD7112FA6 /* Release */,
			);
			defaultConfigurationIsVisible = 0;
			defaultConfigurationName = Debug;
		};
		9CD901EA7DBEA8D2AFCCCFA3 /* Build configuration list for PBXNativeTarget "ChiourimBAUITests" */ = {
			isa = XCConfigurationList;
			buildConfigurations = (
				7BB2721F3FC8ADCB362296BB /* Debug */,
				114D0348D5E69473F463A79F /* Release */,
			);
			defaultConfigurationIsVisible = 0;
			defaultConfigurationName = Debug;
		};
/* End XCConfigurationList section */
	};
	rootObject = F5B2AC514D41EC8F51E68C9F /* Project object */;
}
